
Microsoft Visual Studio Solution File, Format Version 12.00
# Visual Studio Version 17
VisualStudioVersion = 17.3.32811.315
MinimumVisualStudioVersion = 10.0.40219.1
Project("{2150E333-8FDC-42A3-9474-1A3956D46DE8}") = "src", "src", "{596AA4B6-6DF8-48EB-82A8-9AD45E239877}"
EndProject
Project("{9A19103F-16F7-4668-BE54-9A1E7A4F7556}") = "SurveyService", "src\SurveyService\SurveyService.csproj", "{A7ED684A-14F0-4E86-9E3A-596A108509CA}"
EndProject
Project("{9A19103F-16F7-4668-BE54-9A1E7A4F7556}") = "SurveyService.Business", "src\SurveyService.Business\SurveyService.Business.csproj", "{92B14F1C-B0F7-4F40-A373-78C0353284A7}"
EndProject
Project("{9A19103F-16F7-4668-BE54-9A1E7A4F7556}") = "SurveyService.DataLayer", "src\SurveyService.DataLayer\SurveyService.DataLayer.csproj", "{0F29A592-9E17-4AE3-8C84-F5E0C035AD3C}"
EndProject
Project("{2150E333-8FDC-42A3-9474-1A3956D46DE8}") = "test", "test", "{FC9FB256-7409-48CC-BFC8-C3EAD24D4372}"
EndProject
Project("{2150E333-8FDC-42A3-9474-1A3956D46DE8}") = "Solution Items", "Solution Items", "{C1A607D6-00C5-483E-9203-AD619A812A7A}"
	ProjectSection(SolutionItems) = preProject
		.dockerignore = .dockerignore
		.editorconfig = .editorconfig
		.gitignore = .gitignore
		Common.Configurations.targets = Common.Configurations.targets
		Dockerfile = Dockerfile
		README.md = README.md
	EndProjectSection
EndProject
Global
	GlobalSection(SolutionConfigurationPlatforms) = preSolution
		Debug|Any CPU = Debug|Any CPU
		Release|Any CPU = Release|Any CPU
	EndGlobalSection
	GlobalSection(ProjectConfigurationPlatforms) = postSolution
		{A7ED684A-14F0-4E86-9E3A-596A108509CA}.Debug|Any CPU.ActiveCfg = Debug|Any CPU
		{A7ED684A-14F0-4E86-9E3A-596A108509CA}.Debug|Any CPU.Build.0 = Debug|Any CPU
		{A7ED684A-14F0-4E86-9E3A-596A108509CA}.Release|Any CPU.ActiveCfg = Release|Any CPU
		{A7ED684A-14F0-4E86-9E3A-596A108509CA}.Release|Any CPU.Build.0 = Release|Any CPU
		{92B14F1C-B0F7-4F40-A373-78C0353284A7}.Debug|Any CPU.ActiveCfg = Debug|Any CPU
		{92B14F1C-B0F7-4F40-A373-78C0353284A7}.Debug|Any CPU.Build.0 = Debug|Any CPU
		{92B14F1C-B0F7-4F40-A373-78C0353284A7}.Release|Any CPU.ActiveCfg = Release|Any CPU
		{92B14F1C-B0F7-4F40-A373-78C0353284A7}.Release|Any CPU.Build.0 = Release|Any CPU
		{0F29A592-9E17-4AE3-8C84-F5E0C035AD3C}.Debug|Any CPU.ActiveCfg = Debug|Any CPU
		{0F29A592-9E17-4AE3-8C84-F5E0C035AD3C}.Debug|Any CPU.Build.0 = Debug|Any CPU
		{0F29A592-9E17-4AE3-8C84-F5E0C035AD3C}.Release|Any CPU.ActiveCfg = Release|Any CPU
		{0F29A592-9E17-4AE3-8C84-F5E0C035AD3C}.Release|Any CPU.Build.0 = Release|Any CPU
	EndGlobalSection
	GlobalSection(SolutionProperties) = preSolution
		HideSolutionNode = FALSE
	EndGlobalSection
	GlobalSection(NestedProjects) = preSolution
		{A7ED684A-14F0-4E86-9E3A-596A108509CA} = {596AA4B6-6DF8-48EB-82A8-9AD45E239877}
		{92B14F1C-B0F7-4F40-A373-78C0353284A7} = {596AA4B6-6DF8-48EB-82A8-9AD45E239877}
		{0F29A592-9E17-4AE3-8C84-F5E0C035AD3C} = {596AA4B6-6DF8-48EB-82A8-9AD45E239877}
	EndGlobalSection
	GlobalSection(ExtensibilityGlobals) = postSolution
		SolutionGuid = {E8BADB74-4FBB-4964-AAA1-92EE0E637224}
	EndGlobalSection
EndGlobal
